
Microsoft Visual Studio Solution File, Format Version 12.00
# Visual Studio Version 16
VisualStudioVersion = 16.0.30011.22
MinimumVisualStudioVersion = 10.0.40219.1
Project("{FAE04EC0-301F-11D3-BF4B-00C04F79EFBC}") = "ByteBank", "ByteBank\ByteBank.csproj", "{69317DBD-D15E-4DFE-975A-2DBC7717A1D0}"
EndProject
Global
	GlobalSection(SolutionConfigurationPlatforms) = preSolution
		Debug|Any CPU = Debug|Any CPU
		Release|Any CPU = Release|Any CPU
	EndGlobalSection
	GlobalSection(ProjectConfigurationPlatforms) = postSolution
		{69317DBD-D15E-4DFE-975A-2DBC7717A1D0}.Debug|Any CPU.ActiveCfg = Debug|Any CPU
		{69317DBD-D15E-4DFE-975A-2DBC7717A1D0}.Debug|Any CPU.Build.0 = Debug|Any CPU
		{69317DBD-D15E-4DFE-975A-2DBC7717A1D0}.Release|Any CPU.ActiveCfg = Release|Any CPU
		{69317DBD-D15E-4DFE-975A-2DBC7717A1D0}.Release|Any CPU.Build.0 = Release|Any CPU
	EndGlobalSection
	GlobalSection(SolutionProperties) = preSolution
		HideSolutionNode = FALSE
	EndGlobalSection
	GlobalSection(ExtensibilityGlobals) = postSolution
		SolutionGuid = {9712500F-7FEC-4175-947A-6E57B3E17B69}
	EndGlobalSection
EndGlobal
